// !$*UTF8*$!
{
	archiveVersion = 1;
	classes = {
	};
	objectVersion = 56;
	objects = {

/* Begin PBXBuildFile section */
		24E449D22AE299B80064E89F /* AppDelegate.swift in Sources */ = {isa = PBXBuildFile; fileRef = 24E449D12AE299B80064E89F /* AppDelegate.swift */; };
		24E449D42AE299B80064E89F /* GameScene.sks in Resources */ = {isa = PBXBuildFile; fileRef = 24E449D32AE299B80064E89F /* GameScene.sks */; };
		24E449D82AE299B80064E89F /* GameScene.swift in Sources */ = {isa = PBXBuildFile; fileRef = 24E449D72AE299B80064E89F /* GameScene.swift */; };
		24E449DA2AE299B80064E89F /* GameViewController.swift in Sources */ = {isa = PBXBuildFile; fileRef = 24E449D92AE299B80064E89F /* GameViewController.swift */; };
		24E449DF2AE299BA0064E89F /* Assets.xcassets in Resources */ = {isa = PBXBuildFile; fileRef = 24E449DE2AE299BA0064E89F /* Assets.xcassets */; };
		24E449E22AE299BA0064E89F /* LaunchScreen.storyboard in Resources */ = {isa = PBXBuildFile; fileRef = 24E449E02AE299BA0064E89F /* LaunchScreen.storyboard */; };
		24E449E92AE2A04E0064E89F /* NameImage.swift in Sources */ = {isa = PBXBuildFile; fileRef = 24E449E82AE2A04E0064E89F /* NameImage.swift */; };
		24E449EC2AE2A3990064E89F /* MenuViewController.swift in Sources */ = {isa = PBXBuildFile; fileRef = 24E449EA2AE2A3990064E89F /* MenuViewController.swift */; };
		24E449ED2AE2A3990064E89F /* MenuViewController.xib in Resources */ = {isa = PBXBuildFile; fileRef = 24E449EB2AE2A3990064E89F /* MenuViewController.xib */; };
		24E449EF2AE2A3D80064E89F /* MainRouter.swift in Sources */ = {isa = PBXBuildFile; fileRef = 24E449EE2AE2A3D80064E89F /* MainRouter.swift */; };
		24E449F12AE2B01F0064E89F /* MovePlayer.swift in Sources */ = {isa = PBXBuildFile; fileRef = 24E449F02AE2B01F0064E89F /* MovePlayer.swift */; };
		24E449F32AE67CD00064E89F /* BodyType.swift in Sources */ = {isa = PBXBuildFile; fileRef = 24E449F22AE67CD00064E89F /* BodyType.swift */; };
/* End PBXBuildFile section */

/* Begin PBXFileReference section */
		24E449CE2AE299B80064E89F /* Build Path.app */ = {isa = PBXFileReference; explicitFileType = wrapper.application; includeInIndex = 0; path = "Build Path.app"; sourceTree = BUILT_PRODUCTS_DIR; };
		24E449D12AE299B80064E89F /* AppDelegate.swift */ = {isa = PBXFileReference; lastKnownFileType = sourcecode.swift; path = AppDelegate.swift; sourceTree = "<group>"; };
		24E449D32AE299B80064E89F /* GameScene.sks */ = {isa = PBXFileReference; lastKnownFileType = file.sks; path = GameScene.sks; sourceTree = "<group>"; };
		24E449D72AE299B80064E89F /* GameScene.swift */ = {isa = PBXFileReference; lastKnownFileType = sourcecode.swift; path = GameScene.swift; sourceTree = "<group>"; };
		24E449D92AE299B80064E89F /* GameViewController.swift */ = {isa = PBXFileReference; lastKnownFileType = sourcecode.swift; path = GameViewController.swift; sourceTree = "<group>"; };
		24E449DE2AE299BA0064E89F /* Assets.xcassets */ = {isa = PBXFileReference; lastKnownFileType = folder.assetcatalog; path = Assets.xcassets; sourceTree = "<group>"; };
		24E449E12AE299BA0064E89F /* Base */ = {isa = PBXFileReference; lastKnownFileType = file.storyboard; name = Base; path = Base.lproj/LaunchScreen.storyboard; sourceTree = "<group>"; };
		24E449E82AE2A04E0064E89F /* NameImage.swift */ = {isa = PBXFileReference; lastKnownFileType = sourcecode.swift; path = NameImage.swift; sourceTree = "<group>"; };
		24E449EA2AE2A3990064E89F /* MenuViewController.swift */ = {isa = PBXFileReference; lastKnownFileType = sourcecode.swift; path = MenuViewController.swift; sourceTree = "<group>"; };
		24E449EB2AE2A3990064E89F /* MenuViewController.xib */ = {isa = PBXFileReference; lastKnownFileType = file.xib; path = MenuViewController.xib; sourceTree = "<group>"; };
		24E449EE2AE2A3D80064E89F /* MainRouter.swift */ = {isa = PBXFileReference; fileEncoding = 4; lastKnownFileType = sourcecode.swift; path = MainRouter.swift; sourceTree = "<group>"; };
		24E449F02AE2B01F0064E89F /* MovePlayer.swift */ = {isa = PBXFileReference; lastKnownFileType = sourcecode.swift; path = MovePlayer.swift; sourceTree = "<group>"; };
		24E449F22AE67CD00064E89F /* BodyType.swift */ = {isa = PBXFileReference; lastKnownFileType = sourcecode.swift; path = BodyType.swift; sourceTree = "<group>"; };
/* End PBXFileReference section */

/* Begin PBXFrameworksBuildPhase section */
		24E449CB2AE299B80064E89F /* Frameworks */ = {
			isa = PBXFrameworksBuildPhase;
			buildActionMask = 2147483647;
			files = (
			);
			runOnlyForDeploymentPostprocessing = 0;
		};
/* End PBXFrameworksBuildPhase section */

/* Begin PBXGroup section */
		24E449C52AE299B80064E89F = {
			isa = PBXGroup;
			children = (
				24E449D02AE299B80064E89F /* Build Path */,
				24E449CF2AE299B80064E89F /* Products */,
			);
			sourceTree = "<group>";
		};
		24E449CF2AE299B80064E89F /* Products */ = {
			isa = PBXGroup;
			children = (
				24E449CE2AE299B80064E89F /* Build Path.app */,
			);
			name = Products;
			sourceTree = "<group>";
		};
		24E449D02AE299B80064E89F /* Build Path */ = {
			isa = PBXGroup;
			children = (
				24E449D12AE299B80064E89F /* AppDelegate.swift */,
				24E449EE2AE2A3D80064E89F /* MainRouter.swift */,
				24E449D32AE299B80064E89F /* GameScene.sks */,
				24E449D72AE299B80064E89F /* GameScene.swift */,
				24E449D92AE299B80064E89F /* GameViewController.swift */,
				24E449DE2AE299BA0064E89F /* Assets.xcassets */,
				24E449E02AE299BA0064E89F /* LaunchScreen.storyboard */,
				24E449E82AE2A04E0064E89F /* NameImage.swift */,
				24E449EA2AE2A3990064E89F /* MenuViewController.swift */,
				24E449EB2AE2A3990064E89F /* MenuViewController.xib */,
				24E449F02AE2B01F0064E89F /* MovePlayer.swift */,
				24E449F22AE67CD00064E89F /* BodyType.swift */,
			);
			path = "Build Path";
			sourceTree = "<group>";
		};
/* End PBXGroup section */

/* Begin PBXNativeTarget section */
		24E449CD2AE299B80064E89F /* Build Path */ = {
			isa = PBXNativeTarget;
			buildConfigurationList = 24E449E52AE299BB0064E89F /* Build configuration list for PBXNativeTarget "Build Path" */;
			buildPhases = (
				24E449CA2AE299B80064E89F /* Sources */,
				24E449CB2AE299B80064E89F /* Frameworks */,
				24E449CC2AE299B80064E89F /* Resources */,
			);
			buildRules = (
			);
			dependencies = (
			);
			name = "Build Path";
			productName = "Build Path";
			productReference = 24E449CE2AE299B80064E89F /* Build Path.app */;
			productType = "com.apple.product-type.application";
		};
/* End PBXNativeTarget section */

/* Begin PBXProject section */
		24E449C62AE299B80064E89F /* Project object */ = {
			isa = PBXProject;
			attributes = {
				BuildIndependentTargetsInParallel = 1;
				LastSwiftUpdateCheck = 1500;
				LastUpgradeCheck = 1500;
				TargetAttributes = {
					24E449CD2AE299B80064E89F = {
						CreatedOnToolsVersion = 15.0;
					};
				};
			};
			buildConfigurationList = 24E449C92AE299B80064E89F /* Build configuration list for PBXProject "Build Path" */;
			compatibilityVersion = "Xcode 14.0";
			developmentRegion = en;
			hasScannedForEncodings = 0;
			knownRegions = (
				en,
				Base,
			);
			mainGroup = 24E449C52AE299B80064E89F;
			productRefGroup = 24E449CF2AE299B80064E89F /* Products */;
			projectDirPath = "";
			projectRoot = "";
			targets = (
				24E449CD2AE299B80064E89F /* Build Path */,
			);
		};
/* End PBXProject section */

/* Begin PBXResourcesBuildPhase section */
		24E449CC2AE299B80064E89F /* Resources */ = {
			isa = PBXResourcesBuildPhase;
			buildActionMask = 2147483647;
			files = (
				24E449D42AE299B80064E89F /* GameScene.sks in Resources */,
				24E449DF2AE299BA0064E89F /* Assets.xcassets in Resources */,
				24E449E22AE299BA0064E89F /* LaunchScreen.storyboard in Resources */,
				24E449ED2AE2A3990064E89F /* MenuViewController.xib in Resources */,
			);
			runOnlyForDeploymentPostprocessing = 0;
		};
/* End PBXResourcesBuildPhase section */

/* Begin PBXSourcesBuildPhase section */
		24E449CA2AE299B80064E89F /* Sources */ = {
			isa = PBXSourcesBuildPhase;
			buildActionMask = 2147483647;
			files = (
				24E449D82AE299B80064E89F /* GameScene.swift in Sources */,
				24E449F32AE67CD00064E89F /* BodyType.swift in Sources */,
				24E449EC2AE2A3990064E89F /* MenuViewController.swift in Sources */,
				24E449F12AE2B01F0064E89F /* MovePlayer.swift in Sources */,
				24E449DA2AE299B80064E89F /* GameViewController.swift in Sources */,
				24E449E92AE2A04E0064E89F /* NameImage.swift in Sources */,
				24E449D22AE299B80064E89F /* AppDelegate.swift in Sources */,
				24E449EF2AE2A3D80064E89F /* MainRouter.swift in Sources */,
			);
			runOnlyForDeploymentPostprocessing = 0;
		};
/* End PBXSourcesBuildPhase section */

/* Begin PBXVariantGroup section */
		24E449E02AE299BA0064E89F /* LaunchScreen.storyboard */ = {
			isa = PBXVariantGroup;
			children = (
				24E449E12AE299BA0064E89F /* Base */,
			);
			name = LaunchScreen.storyboard;
			sourceTree = "<group>";
		};
/* End PBXVariantGroup section */

/* Begin XCBuildConfiguration section */
		24E449E32AE299BB0064E89F /* Debug */ = {
			isa = XCBuildConfiguration;
			buildSettings = {
				ALWAYS_SEARCH_USER_PATHS = NO;
				ASSETCATALOG_COMPILER_GENERATE_SWIFT_ASSET_SYMBOL_EXTENSIONS = YES;
				CLANG_ANALYZER_NONNULL = YES;
				CLANG_ANALYZER_NUMBER_OBJECT_CONVERSION = YES_AGGRESSIVE;
				CLANG_CXX_LANGUAGE_STANDARD = "gnu++20";
				CLANG_ENABLE_MODULES = YES;
				CLANG_ENABLE_OBJC_ARC = YES;
				CLANG_ENABLE_OBJC_WEAK = YES;
				CLANG_WARN_BLOCK_CAPTURE_AUTORELEASING = YES;
				CLANG_WARN_BOOL_CONVERSION = YES;
				CLANG_WARN_COMMA = YES;
				CLANG_WARN_CONSTANT_CONVERSION = YES;
				CLANG_WARN_DEPRECATED_OBJC_IMPLEMENTATIONS = YES;
				CLANG_WARN_DIRECT_OBJC_ISA_USAGE = YES_ERROR;
				CLANG_WARN_DOCUMENTATION_COMMENTS = YES;
				CLANG_WARN_EMPTY_BODY = YES;
				CLANG_WARN_ENUM_CONVERSION = YES;
				CLANG_WARN_INFINITE_RECURSION = YES;
				CLANG_WARN_INT_CONVERSION = YES;
				CLANG_WARN_NON_LITERAL_NULL_CONVERSION = YES;
				CLANG_WARN_OBJC_IMPLICIT_RETAIN_SELF = YES;
				CLANG_WARN_OBJC_LITERAL_CONVERSION = YES;
				CLANG_WARN_OBJC_ROOT_CLASS = YES_ERROR;
				CLANG_WARN_QUOTED_INCLUDE_IN_FRAMEWORK_HEADER = YES;
				CLANG_WARN_RANGE_LOOP_ANALYSIS = YES;
				CLANG_WARN_STRICT_PROTOTYPES = YES;
				CLANG_WARN_SUSPICIOUS_MOVE = YES;
				CLANG_WARN_UNGUARDED_AVAILABILITY = YES_AGGRESSIVE;
				CLANG_WARN_UNREACHABLE_CODE = YES;
				CLANG_WARN__DUPLICATE_METHOD_MATCH = YES;
				COPY_PHASE_STRIP = NO;
				DEBUG_INFORMATION_FORMAT = dwarf;
				ENABLE_STRICT_OBJC_MSGSEND = YES;
				ENABLE_TESTABILITY = YES;
				ENABLE_USER_SCRIPT_SANDBOXING = YES;
				GCC_C_LANGUAGE_STANDARD = gnu17;
				GCC_DYNAMIC_NO_PIC = NO;
				GCC_NO_COMMON_BLOCKS = YES;
				GCC_OPTIMIZATION_LEVEL = 0;
				GCC_PREPROCESSOR_DEFINITIONS = (
					"DEBUG=1",
					"$(inherited)",
				);
				GCC_WARN_64_TO_32_BIT_CONVERSION = YES;
				GCC_WARN_ABOUT_RETURN_TYPE = YES_ERROR;
				GCC_WARN_UNDECLARED_SELECTOR = YES;
				GCC_WARN_UNINITIALIZED_AUTOS = YES_AGGRESSIVE;
				GCC_WARN_UNUSED_FUNCTION = YES;
				GCC_WARN_UNUSED_VARIABLE = YES;
				IPHONEOS_DEPLOYMENT_TARGET = 14.0;
				LOCALIZATION_PREFERS_STRING_CATALOGS = YES;
				MTL_ENABLE_DEBUG_INFO = INCLUDE_SOURCE;
				MTL_FAST_MATH = YES;
				ONLY_ACTIVE_ARCH = YES;
				SDKROOT = iphoneos;
				SWIFT_ACTIVE_COMPILATION_CONDITIONS = "DEBUG $(inherited)";
				SWIFT_OPTIMIZATION_LEVEL = "-Onone";
			};
			name = Debug;
		};
		24E449E42AE299BB0064E89F /* Release */ = {
			isa = XCBuildConfiguration;
			buildSettings = {
				ALWAYS_SEARCH_USER_PATHS = NO;
				ASSETCATALOG_COMPILER_GENERATE_SWIFT_ASSET_SYMBOL_EXTENSIONS = YES;
				CLANG_ANALYZER_NONNULL = YES;
				CLANG_ANALYZER_NUMBER_OBJECT_CONVERSION = YES_AGGRESSIVE;
				CLANG_CXX_LANGUAGE_STANDARD = "gnu++20";
				CLANG_ENABLE_MODULES = YES;
				CLANG_ENABLE_OBJC_ARC = YES;
				CLANG_ENABLE_OBJC_WEAK = YES;
				CLANG_WARN_BLOCK_CAPTURE_AUTORELEASING = YES;
				CLANG_WARN_BOOL_CONVERSION = YES;
				CLANG_WARN_COMMA = YES;
				CLANG_WARN_CONSTANT_CONVERSION = YES;
				CLANG_WARN_DEPRECATED_OBJC_IMPLEMENTATIONS = YES;
				CLANG_WARN_DIRECT_OBJC_ISA_USAGE = YES_ERROR;
				CLANG_WARN_DOCUMENTATION_COMMENTS = YES;
				CLANG_WARN_EMPTY_BODY = YES;
				CLANG_WARN_ENUM_CONVERSION = YES;
				CLANG_WARN_INFINITE_RECURSION = YES;
				CLANG_WARN_INT_CONVERSION = YES;
				CLANG_WARN_NON_LITERAL_NULL_CONVERSION = YES;
				CLANG_WARN_OBJC_IMPLICIT_RETAIN_SELF = YES;
				CLANG_WARN_OBJC_LITERAL_CONVERSION = YES;
				CLANG_WARN_OBJC_ROOT_CLASS = YES_ERROR;
				CLANG_WARN_QUOTED_INCLUDE_IN_FRAMEWORK_HEADER = YES;
				CLANG_WARN_RANGE_LOOP_ANALYSIS = YES;
				CLANG_WARN_STRICT_PROTOTYPES = YES;
				CLANG_WARN_SUSPICIOUS_MOVE = YES;
				CLANG_WARN_UNGUARDED_AVAILABILITY = YES_AGGRESSIVE;
				CLANG_WARN_UNREACHABLE_CODE = YES;
				CLANG_WARN__DUPLICATE_METHOD_MATCH = YES;
				COPY_PHASE_STRIP = NO;
				DEBUG_INFORMATION_FORMAT = "dwarf-with-dsym";
				ENABLE_NS_ASSERTIONS = NO;
				ENABLE_STRICT_OBJC_MSGSEND = YES;
				ENABLE_USER_SCRIPT_SANDBOXING = YES;
				GCC_C_LANGUAGE_STANDARD = gnu17;
				GCC_NO_COMMON_BLOCKS = YES;
				GCC_WARN_64_TO_32_BIT_CONVERSION = YES;
				GCC_WARN_ABOUT_RETURN_TYPE = YES_ERROR;
				GCC_WARN_UNDECLARED_SELECTOR = YES;
				GCC_WARN_UNINITIALIZED_AUTOS = YES_AGGRESSIVE;
				GCC_WARN_UNUSED_FUNCTION = YES;
				GCC_WARN_UNUSED_VARIABLE = YES;
				IPHONEOS_DEPLOYMENT_TARGET = 14.0;
				LOCALIZATION_PREFERS_STRING_CATALOGS = YES;
				MTL_ENABLE_DEBUG_INFO = NO;
				MTL_FAST_MATH = YES;
				SDKROOT = iphoneos;
				SWIFT_COMPILATION_MODE = wholemodule;
				VALIDATE_PRODUCT = YES;
			};
			name = Release;
		};
		24E449E62AE299BB0064E89F /* Debug */ = {
			isa = XCBuildConfiguration;
			buildSettings = {
				ASSETCATALOG_COMPILER_APPICON_NAME = AppIcon;
				ASSETCATALOG_COMPILER_GLOBAL_ACCENT_COLOR_NAME = AccentColor;
				CODE_SIGN_STYLE = Automatic;
				CURRENT_PROJECT_VERSION = 1;
				DEVELOPMENT_TEAM = RPSARM5WXZ;
				GENERATE_INFOPLIST_FILE = YES;
				INFOPLIST_KEY_UIApplicationSupportsIndirectInputEvents = YES;
				INFOPLIST_KEY_UILaunchStoryboardName = LaunchScreen;
				INFOPLIST_KEY_UIStatusBarHidden = YES;
				INFOPLIST_KEY_UISupportedInterfaceOrientations = UIInterfaceOrientationPortrait;
				INFOPLIST_KEY_UISupportedInterfaceOrientations_iPad = "UIInterfaceOrientationLandscapeLeft UIInterfaceOrientationLandscapeRight UIInterfaceOrientationPortrait UIInterfaceOrientationPortraitUpsideDown";
				LD_RUNPATH_SEARCH_PATHS = (
					"$(inherited)",
					"@executable_path/Frameworks",
				);
				MARKETING_VERSION = 1.0;
				PRODUCT_BUNDLE_IDENTIFIER = "com.galiev.Build-Path";
				PRODUCT_NAME = "$(TARGET_NAME)";
				SUPPORTED_PLATFORMS = "iphoneos iphonesimulator";
				SUPPORTS_MACCATALYST = NO;
				SWIFT_EMIT_LOC_STRINGS = YES;
				SWIFT_VERSION = 5.0;
				TARGETED_DEVICE_FAMILY = 1;
			};
			name = Debug;
		};
		24E449E72AE299BB0064E89F /* Release */ = {
			isa = XCBuildConfiguration;
			buildSettings = {
				ASSETCATALOG_COMPILER_APPICON_NAME = AppIcon;
				ASSETCATALOG_COMPILER_GLOBAL_ACCENT_COLOR_NAME = AccentColor;
				CODE_SIGN_STYLE = Automatic;
				CURRENT_PROJECT_VERSION = 1;
				DEVELOPMENT_TEAM = RPSARM5WXZ;
				GENERATE_INFOPLIST_FILE = YES;
				INFOPLIST_KEY_UIApplicationSupportsIndirectInputEvents = YES;
				INFOPLIST_KEY_UILaunchStoryboardName = LaunchScreen;
				INFOPLIST_KEY_UIStatusBarHidden = YES;
				INFOPLIST_KEY_UISupportedInterfaceOrientations = UIInterfaceOrientationPortrait;
				INFOPLIST_KEY_UISupportedInterfaceOrientations_iPad = "UIInterfaceOrientationLandscapeLeft UIInterfaceOrientationLandscapeRight UIInterfaceOrientationPortrait UIInterfaceOrientationPortraitUpsideDown";
				LD_RUNPATH_SEARCH_PATHS = (
					"$(inherited)",
					"@executable_path/Frameworks",
				);
				MARKETING_VERSION = 1.0;
				PRODUCT_BUNDLE_IDENTIFIER = "com.galiev.Build-Path";
				PRODUCT_NAME = "$(TARGET_NAME)";
				SUPPORTED_PLATFORMS = "iphoneos iphonesimulator";
				SUPPORTS_MACCATALYST = NO;
				SWIFT_EMIT_LOC_STRINGS = YES;
				SWIFT_VERSION = 5.0;
				TARGETED_DEVICE_FAMILY = 1;
			};
			name = Release;
		};
/* End XCBuildConfiguration section */

/* Begin XCConfigurationList section */
		24E449C92AE299B80064E89F /* Build configuration list for PBXProject "Build Path" */ = {
			isa = XCConfigurationList;
			buildConfigurations = (
				24E449E32AE299BB0064E89F /* Debug */,
				24E449E42AE299BB0064E89F /* Release */,
			);
			defaultConfigurationIsVisible = 0;
			defaultConfigurationName = Release;
		};
		24E449E52AE299BB0064E89F /* Build configuration list for PBXNativeTarget "Build Path" */ = {
			isa = XCConfigurationList;
			buildConfigurations = (
				24E449E62AE299BB0064E89F /* Debug */,
				24E449E72AE299BB0064E89F /* Release */,
			);
			defaultConfigurationIsVisible = 0;
			defaultConfigurationName = Release;
		};
/* End XCConfigurationList section */
	};
	rootObject = 24E449C62AE299B80064E89F /* Project object */;
}
